
Microsoft Visual Studio Solution File, Format Version 12.00
# Visual Studio Version 17
VisualStudioVersion = 17.13.35931.197
MinimumVisualStudioVersion = 10.0.40219.1
Project("{FAE04EC0-301F-11D3-BF4B-00C04F79EFBC}") = "EimakShas", "EimakShas\EimakShas.csproj", "{A6D0D141-B4DA-4FA2-AD17-FE2C762AB5FA}"
EndProject
Project("{54A90642-561A-4BB1-A94E-469ADEE60C69}") = "EimekShas.Client", "EimakShas.Client\EimekShas.Client.esproj", "{53FB864F-5C5C-B30C-371E-9D78376827EB}"
EndProject
Global
	GlobalSection(SolutionConfigurationPlatforms) = preSolution
		Debug|Any CPU = Debug|Any CPU
		Release|Any CPU = Release|Any CPU
	EndGlobalSection
	GlobalSection(ProjectConfigurationPlatforms) = postSolution
		{A6D0D141-B4DA-4FA2-AD17-FE2C762AB5FA}.Debug|Any CPU.ActiveCfg = Debug|Any CPU
		{A6D0D141-B4DA-4FA2-AD17-FE2C762AB5FA}.Debug|Any CPU.Build.0 = Debug|Any CPU
		{A6D0D141-B4DA-4FA2-AD17-FE2C762AB5FA}.Release|Any CPU.ActiveCfg = Release|Any CPU
		{A6D0D141-B4DA-4FA2-AD17-FE2C762AB5FA}.Release|Any CPU.Build.0 = Release|Any CPU
		{53FB864F-5C5C-B30C-371E-9D78376827EB}.Debug|Any CPU.ActiveCfg = Debug|Any CPU
		{53FB864F-5C5C-B30C-371E-9D78376827EB}.Debug|Any CPU.Build.0 = Debug|Any CPU
		{53FB864F-5C5C-B30C-371E-9D78376827EB}.Debug|Any CPU.Deploy.0 = Debug|Any CPU
		{53FB864F-5C5C-B30C-371E-9D78376827EB}.Release|Any CPU.ActiveCfg = Release|Any CPU
		{53FB864F-5C5C-B30C-371E-9D78376827EB}.Release|Any CPU.Build.0 = Release|Any CPU
		{53FB864F-5C5C-B30C-371E-9D78376827EB}.Release|Any CPU.Deploy.0 = Release|Any CPU
	EndGlobalSection
	GlobalSection(SolutionProperties) = preSolution
		HideSolutionNode = FALSE
	EndGlobalSection
	GlobalSection(ExtensibilityGlobals) = postSolution
		SolutionGuid = {178AE881-20E0-486F-9F9C-ACD043807E74}
	EndGlobalSection
EndGlobal
